{
  "name": "@imooc-cli-dev/exec",
  "version": "1.0.0",
  "lockfileVersion": 2,
  "requires": true,
  "packages": {
    "": {
      "name": "@imooc-cli-dev/exec",
      "version": "1.0.0",
      "license": "ISC",
      "dependencies": {
        "@imooc-cli-dev/log": "file:../../utils/log",
        "@imooc-cli-dev/package": "file:../../models/package"
      }
    },
    "../../models/package": {
      "name": "@imooc-cli-dev/package",
      "version": "1.0.0",
      "license": "ISC"
    },
    "../../utils/log": {
      "version": "1.0.0",
      "license": "ISC",
      "dependencies": {
        "npmlog": "^6.0.1"
      }
    },
    "node_modules/@imooc-cli-dev/log": {
      "resolved": "../../utils/log",
      "link": true
    },
    "node_modules/@imooc-cli-dev/package": {
      "resolved": "../../models/package",
      "link": true
    }
  },
  "dependencies": {
    "@imooc-cli-dev/log": {
      "version": "file:../../utils/log",
      "requires": {
        "npmlog": "^6.0.1"
      }
    },
    "@imooc-cli-dev/package": {
      "version": "file:../../models/package"
    }
  }
}
